
Microsoft Visual Studio Solution File, Format Version 12.00
# Visual Studio Version 16
VisualStudioVersion = 16.0.29613.14
MinimumVisualStudioVersion = 10.0.40219.1
Project("{FAE04EC0-301F-11D3-BF4B-00C04F79EFBC}") = "AnemicPizza.API", "AnemicPizza.API\AnemicPizza.API.csproj", "{C0C77445-B7D4-4BCF-9219-8F9DFED4589B}"
EndProject
Project("{FAE04EC0-301F-11D3-BF4B-00C04F79EFBC}") = "AnemicPizza.Infrastructure", "AnemicPizza.Infrastructure\AnemicPizza.Infrastructure.csproj", "{8496957F-A258-4B6E-9ABF-6E8B3E0D5EDA}"
EndProject
Project("{FAE04EC0-301F-11D3-BF4B-00C04F79EFBC}") = "AnemicPizza.Domain", "AnemicPizza.Domain\AnemicPizza.Domain.csproj", "{B41719F8-CE84-4484-8648-23430AC37AFA}"
EndProject
Global
	GlobalSection(SolutionConfigurationPlatforms) = preSolution
		Debug|Any CPU = Debug|Any CPU
		Release|Any CPU = Release|Any CPU
	EndGlobalSection
	GlobalSection(ProjectConfigurationPlatforms) = postSolution
		{C0C77445-B7D4-4BCF-9219-8F9DFED4589B}.Debug|Any CPU.ActiveCfg = Debug|Any CPU
		{C0C77445-B7D4-4BCF-9219-8F9DFED4589B}.Debug|Any CPU.Build.0 = Debug|Any CPU
		{C0C77445-B7D4-4BCF-9219-8F9DFED4589B}.Release|Any CPU.ActiveCfg = Release|Any CPU
		{C0C77445-B7D4-4BCF-9219-8F9DFED4589B}.Release|Any CPU.Build.0 = Release|Any CPU
		{8496957F-A258-4B6E-9ABF-6E8B3E0D5EDA}.Debug|Any CPU.ActiveCfg = Debug|Any CPU
		{8496957F-A258-4B6E-9ABF-6E8B3E0D5EDA}.Debug|Any CPU.Build.0 = Debug|Any CPU
		{8496957F-A258-4B6E-9ABF-6E8B3E0D5EDA}.Release|Any CPU.ActiveCfg = Release|Any CPU
		{8496957F-A258-4B6E-9ABF-6E8B3E0D5EDA}.Release|Any CPU.Build.0 = Release|Any CPU
		{B41719F8-CE84-4484-8648-23430AC37AFA}.Debug|Any CPU.ActiveCfg = Debug|Any CPU
		{B41719F8-CE84-4484-8648-23430AC37AFA}.Debug|Any CPU.Build.0 = Debug|Any CPU
		{B41719F8-CE84-4484-8648-23430AC37AFA}.Release|Any CPU.ActiveCfg = Release|Any CPU
		{B41719F8-CE84-4484-8648-23430AC37AFA}.Release|Any CPU.Build.0 = Release|Any CPU
	EndGlobalSection
	GlobalSection(SolutionProperties) = preSolution
		HideSolutionNode = FALSE
	EndGlobalSection
	GlobalSection(ExtensibilityGlobals) = postSolution
		SolutionGuid = {4263E42C-C662-4DA1-95E6-87C30DF08EB3}
	EndGlobalSection
EndGlobal
